// !$*UTF8*$!
{
	archiveVersion = 1;
	classes = {
	};
	objectVersion = 56;
	objects = {

/* Begin PBXBuildFile section */
		0530D6CF2B7B8C4E00006579 /* TodoListApp.swift in Sources */ = {isa = PBXBuildFile; fileRef = 0530D6CE2B7B8C4E00006579 /* TodoListApp.swift */; };
		0530D6D12B7B8C4E00006579 /* ContentView.swift in Sources */ = {isa = PBXBuildFile; fileRef = 0530D6D02B7B8C4E00006579 /* ContentView.swift */; };
		0530D6D32B7B8C5000006579 /* Assets.xcassets in Resources */ = {isa = PBXBuildFile; fileRef = 0530D6D22B7B8C5000006579 /* Assets.xcassets */; };
		0530D6D62B7B8C5000006579 /* Preview Assets.xcassets in Resources */ = {isa = PBXBuildFile; fileRef = 0530D6D52B7B8C5000006579 /* Preview Assets.xcassets */; };
		0530D6E02B7B8C5000006579 /* TodoListTests.swift in Sources */ = {isa = PBXBuildFile; fileRef = 0530D6DF2B7B8C5000006579 /* TodoListTests.swift */; };
		0530D6EA2B7B8C5000006579 /* TodoListUITests.swift in Sources */ = {isa = PBXBuildFile; fileRef = 0530D6E92B7B8C5000006579 /* TodoListUITests.swift */; };
		0530D6EC2B7B8C5000006579 /* TodoListUITestsLaunchTests.swift in Sources */ = {isa = PBXBuildFile; fileRef = 0530D6EB2B7B8C5000006579 /* TodoListUITestsLaunchTests.swift */; };
		0530D6F92B7B997800006579 /* todo.jpg in Resources */ = {isa = PBXBuildFile; fileRef = 0530D6F82B7B997800006579 /* todo.jpg */; };
		0530D6FB2B7BB2B800006579 /* NameDisplayView.swift in Sources */ = {isa = PBXBuildFile; fileRef = 0530D6FA2B7BB2B800006579 /* NameDisplayView.swift */; };
/* End PBXBuildFile section */

/* Begin PBXContainerItemProxy section */
		0530D6DC2B7B8C5000006579 /* PBXContainerItemProxy */ = {
			isa = PBXContainerItemProxy;
			containerPortal = 0530D6C32B7B8C4E00006579 /* Project object */;
			proxyType = 1;
			remoteGlobalIDString = 0530D6CA2B7B8C4E00006579;
			remoteInfo = TodoList;
		};
		0530D6E62B7B8C5000006579 /* PBXContainerItemProxy */ = {
			isa = PBXContainerItemProxy;
			containerPortal = 0530D6C32B7B8C4E00006579 /* Project object */;
			proxyType = 1;
			remoteGlobalIDString = 0530D6CA2B7B8C4E00006579;
			remoteInfo = TodoList;
		};
/* End PBXContainerItemProxy section */

/* Begin PBXFileReference section */
		0530D6CB2B7B8C4E00006579 /* TodoList.app */ = {isa = PBXFileReference; explicitFileType = wrapper.application; includeInIndex = 0; path = TodoList.app; sourceTree = BUILT_PRODUCTS_DIR; };
		0530D6CE2B7B8C4E00006579 /* TodoListApp.swift */ = {isa = PBXFileReference; lastKnownFileType = sourcecode.swift; path = TodoListApp.swift; sourceTree = "<group>"; };
		0530D6D02B7B8C4E00006579 /* ContentView.swift */ = {isa = PBXFileReference; lastKnownFileType = sourcecode.swift; path = ContentView.swift; sourceTree = "<group>"; };
		0530D6D22B7B8C5000006579 /* Assets.xcassets */ = {isa = PBXFileReference; lastKnownFileType = folder.assetcatalog; path = Assets.xcassets; sourceTree = "<group>"; };
		0530D6D52B7B8C5000006579 /* Preview Assets.xcassets */ = {isa = PBXFileReference; lastKnownFileType = folder.assetcatalog; path = "Preview Assets.xcassets"; sourceTree = "<group>"; };
		0530D6DB2B7B8C5000006579 /* TodoListTests.xctest */ = {isa = PBXFileReference; explicitFileType = wrapper.cfbundle; includeInIndex = 0; path = TodoListTests.xctest; sourceTree = BUILT_PRODUCTS_DIR; };
		0530D6DF2B7B8C5000006579 /* TodoListTests.swift */ = {isa = PBXFileReference; lastKnownFileType = sourcecode.swift; path = TodoListTests.swift; sourceTree = "<group>"; };
		0530D6E52B7B8C5000006579 /* TodoListUITests.xctest */ = {isa = PBXFileReference; explicitFileType = wrapper.cfbundle; includeInIndex = 0; path = TodoListUITests.xctest; sourceTree = BUILT_PRODUCTS_DIR; };
		0530D6E92B7B8C5000006579 /* TodoListUITests.swift */ = {isa = PBXFileReference; lastKnownFileType = sourcecode.swift; path = TodoListUITests.swift; sourceTree = "<group>"; };
		0530D6EB2B7B8C5000006579 /* TodoListUITestsLaunchTests.swift */ = {isa = PBXFileReference; lastKnownFileType = sourcecode.swift; path = TodoListUITestsLaunchTests.swift; sourceTree = "<group>"; };
		0530D6F82B7B997800006579 /* todo.jpg */ = {isa = PBXFileReference; lastKnownFileType = image.jpeg; name = todo.jpg; path = ../../../../Downloads/todo.jpg; sourceTree = "<group>"; };
		0530D6FA2B7BB2B800006579 /* NameDisplayView.swift */ = {isa = PBXFileReference; lastKnownFileType = sourcecode.swift; path = NameDisplayView.swift; sourceTree = "<group>"; };
/* End PBXFileReference section */

/* Begin PBXFrameworksBuildPhase section */
		0530D6C82B7B8C4E00006579 /* Frameworks */ = {
			isa = PBXFrameworksBuildPhase;
			buildActionMask = 2147483647;
			files = (
			);
			runOnlyForDeploymentPostprocessing = 0;
		};
		0530D6D82B7B8C5000006579 /* Frameworks */ = {
			isa = PBXFrameworksBuildPhase;
			buildActionMask = 2147483647;
			files = (
			);
			runOnlyForDeploymentPostprocessing = 0;
		};
		0530D6E22B7B8C5000006579 /* Frameworks */ = {
			isa = PBXFrameworksBuildPhase;
			buildActionMask = 2147483647;
			files = (
			);
			runOnlyForDeploymentPostprocessing = 0;
		};
/* End PBXFrameworksBuildPhase section */

/* Begin PBXGroup section */
		0530D6C22B7B8C4E00006579 = {
			isa = PBXGroup;
			children = (
				0530D6CD2B7B8C4E00006579 /* TodoList */,
				0530D6DE2B7B8C5000006579 /* TodoListTests */,
				0530D6E82B7B8C5000006579 /* TodoListUITests */,
				0530D6CC2B7B8C4E00006579 /* Products */,
			);
			sourceTree = "<group>";
		};
		0530D6CC2B7B8C4E00006579 /* Products */ = {
			isa = PBXGroup;
			children = (
				0530D6CB2B7B8C4E00006579 /* TodoList.app */,
				0530D6DB2B7B8C5000006579 /* TodoListTests.xctest */,
				0530D6E52B7B8C5000006579 /* TodoListUITests.xctest */,
			);
			name = Products;
			sourceTree = "<group>";
		};
		0530D6CD2B7B8C4E00006579 /* TodoList */ = {
			isa = PBXGroup;
			children = (
				0530D6CE2B7B8C4E00006579 /* TodoListApp.swift */,
				0530D6D02B7B8C4E00006579 /* ContentView.swift */,
				0530D6FA2B7BB2B800006579 /* NameDisplayView.swift */,
				0530D6D22B7B8C5000006579 /* Assets.xcassets */,
				0530D6F82B7B997800006579 /* todo.jpg */,
				0530D6D42B7B8C5000006579 /* Preview Content */,
			);
			path = TodoList;
			sourceTree = "<group>";
		};
		0530D6D42B7B8C5000006579 /* Preview Content */ = {
			isa = PBXGroup;
			children = (
				0530D6D52B7B8C5000006579 /* Preview Assets.xcassets */,
			);
			path = "Preview Content";
			sourceTree = "<group>";
		};
		0530D6DE2B7B8C5000006579 /* TodoListTests */ = {
			isa = PBXGroup;
			children = (
				0530D6DF2B7B8C5000006579 /* TodoListTests.swift */,
			);
			path = TodoListTests;
			sourceTree = "<group>";
		};
		0530D6E82B7B8C5000006579 /* TodoListUITests */ = {
			isa = PBXGroup;
			children = (
				0530D6E92B7B8C5000006579 /* TodoListUITests.swift */,
				0530D6EB2B7B8C5000006579 /* TodoListUITestsLaunchTests.swift */,
			);
			path = TodoListUITests;
			sourceTree = "<group>";
		};
/* End PBXGroup section */

/* Begin PBXNativeTarget section */
		0530D6CA2B7B8C4E00006579 /* TodoList */ = {
			isa = PBXNativeTarget;
			buildConfigurationList = 0530D6EF2B7B8C5000006579 /* Build configuration list for PBXNativeTarget "TodoList" */;
			buildPhases = (
				0530D6C72B7B8C4E00006579 /* Sources */,
				0530D6C82B7B8C4E00006579 /* Frameworks */,
				0530D6C92B7B8C4E00006579 /* Resources */,
			);
			buildRules = (
			);
			dependencies = (
			);
			name = TodoList;
			productName = TodoList;
			productReference = 0530D6CB2B7B8C4E00006579 /* TodoList.app */;
			productType = "com.apple.product-type.application";
		};
		0530D6DA2B7B8C5000006579 /* TodoListTests */ = {
			isa = PBXNativeTarget;
			buildConfigurationList = 0530D6F22B7B8C5000006579 /* Build configuration list for PBXNativeTarget "TodoListTests" */;
			buildPhases = (
				0530D6D72B7B8C5000006579 /* Sources */,
				0530D6D82B7B8C5000006579 /* Frameworks */,
				0530D6D92B7B8C5000006579 /* Resources */,
			);
			buildRules = (
			);
			dependencies = (
				0530D6DD2B7B8C5000006579 /* PBXTargetDependency */,
			);
			name = TodoListTests;
			productName = TodoListTests;
			productReference = 0530D6DB2B7B8C5000006579 /* TodoListTests.xctest */;
			productType = "com.apple.product-type.bundle.unit-test";
		};
		0530D6E42B7B8C5000006579 /* TodoListUITests */ = {
			isa = PBXNativeTarget;
			buildConfigurationList = 0530D6F52B7B8C5000006579 /* Build configuration list for PBXNativeTarget "TodoListUITests" */;
			buildPhases = (
				0530D6E12B7B8C5000006579 /* Sources */,
				0530D6E22B7B8C5000006579 /* Frameworks */,
				0530D6E32B7B8C5000006579 /* Resources */,
			);
			buildRules = (
			);
			dependencies = (
				0530D6E72B7B8C5000006579 /* PBXTargetDependency */,
			);
			name = TodoListUITests;
			productName = TodoListUITests;
			productReference = 0530D6E52B7B8C5000006579 /* TodoListUITests.xctest */;
			productType = "com.apple.product-type.bundle.ui-testing";
		};
/* End PBXNativeTarget section */

/* Begin PBXProject section */
		0530D6C32B7B8C4E00006579 /* Project object */ = {
			isa = PBXProject;
			attributes = {
				BuildIndependentTargetsInParallel = 1;
				LastSwiftUpdateCheck = 1520;
				LastUpgradeCheck = 1520;
				TargetAttributes = {
					0530D6CA2B7B8C4E00006579 = {
						CreatedOnToolsVersion = 15.2;
					};
					0530D6DA2B7B8C5000006579 = {
						CreatedOnToolsVersion = 15.2;
						TestTargetID = 0530D6CA2B7B8C4E00006579;
					};
					0530D6E42B7B8C5000006579 = {
						CreatedOnToolsVersion = 15.2;
						TestTargetID = 0530D6CA2B7B8C4E00006579;
					};
				};
			};
			buildConfigurationList = 0530D6C62B7B8C4E00006579 /* Build configuration list for PBXProject "TodoList" */;
			compatibilityVersion = "Xcode 14.0";
			developmentRegion = en;
			hasScannedForEncodings = 0;
			knownRegions = (
				en,
				Base,
			);
			mainGroup = 0530D6C22B7B8C4E00006579;
			productRefGroup = 0530D6CC2B7B8C4E00006579 /* Products */;
			projectDirPath = "";
			projectRoot = "";
			targets = (
				0530D6CA2B7B8C4E00006579 /* TodoList */,
				0530D6DA2B7B8C5000006579 /* TodoListTests */,
				0530D6E42B7B8C5000006579 /* TodoListUITests */,
			);
		};
/* End PBXProject section */

/* Begin PBXResourcesBuildPhase section */
		0530D6C92B7B8C4E00006579 /* Resources */ = {
			isa = PBXResourcesBuildPhase;
			buildActionMask = 2147483647;
			files = (
				0530D6D62B7B8C5000006579 /* Preview Assets.xcassets in Resources */,
				0530D6F92B7B997800006579 /* todo.jpg in Resources */,
				0530D6D32B7B8C5000006579 /* Assets.xcassets in Resources */,
			);
			runOnlyForDeploymentPostprocessing = 0;
		};
		0530D6D92B7B8C5000006579 /* Resources */ = {
			isa = PBXResourcesBuildPhase;
			buildActionMask = 2147483647;
			files = (
			);
			runOnlyForDeploymentPostprocessing = 0;
		};
		0530D6E32B7B8C5000006579 /* Resources */ = {
			isa = PBXResourcesBuildPhase;
			buildActionMask = 2147483647;
			files = (
			);
			runOnlyForDeploymentPostprocessing = 0;
		};
/* End PBXResourcesBuildPhase section */

/* Begin PBXSourcesBuildPhase section */
		0530D6C72B7B8C4E00006579 /* Sources */ = {
			isa = PBXSourcesBuildPhase;
			buildActionMask = 2147483647;
			files = (
				0530D6D12B7B8C4E00006579 /* ContentView.swift in Sources */,
				0530D6CF2B7B8C4E00006579 /* TodoListApp.swift in Sources */,
				0530D6FB2B7BB2B800006579 /* NameDisplayView.swift in Sources */,
			);
			runOnlyForDeploymentPostprocessing = 0;
		};
		0530D6D72B7B8C5000006579 /* Sources */ = {
			isa = PBXSourcesBuildPhase;
			buildActionMask = 2147483647;
			files = (
				0530D6E02B7B8C5000006579 /* TodoListTests.swift in Sources */,
			);
			runOnlyForDeploymentPostprocessing = 0;
		};
		0530D6E12B7B8C5000006579 /* Sources */ = {
			isa = PBXSourcesBuildPhase;
			buildActionMask = 2147483647;
			files = (
				0530D6EC2B7B8C5000006579 /* TodoListUITestsLaunchTests.swift in Sources */,
				0530D6EA2B7B8C5000006579 /* TodoListUITests.swift in Sources */,
			);
			runOnlyForDeploymentPostprocessing = 0;
		};
/* End PBXSourcesBuildPhase section */

/* Begin PBXTargetDependency section */
		0530D6DD2B7B8C5000006579 /* PBXTargetDependency */ = {
			isa = PBXTargetDependency;
			target = 0530D6CA2B7B8C4E00006579 /* TodoList */;
			targetProxy = 0530D6DC2B7B8C5000006579 /* PBXContainerItemProxy */;
		};
		0530D6E72B7B8C5000006579 /* PBXTargetDependency */ = {
			isa = PBXTargetDependency;
			target = 0530D6CA2B7B8C4E00006579 /* TodoList */;
			targetProxy = 0530D6E62B7B8C5000006579 /* PBXContainerItemProxy */;
		};
/* End PBXTargetDependency section */

/* Begin XCBuildConfiguration section */
		0530D6ED2B7B8C5000006579 /* Debug */ = {
			isa = XCBuildConfiguration;
			buildSettings = {
				ALWAYS_SEARCH_USER_PATHS = NO;
				ASSETCATALOG_COMPILER_GENERATE_SWIFT_ASSET_SYMBOL_EXTENSIONS = YES;
				CLANG_ANALYZER_NONNULL = YES;
				CLANG_ANALYZER_NUMBER_OBJECT_CONVERSION = YES_AGGRESSIVE;
				CLANG_CXX_LANGUAGE_STANDARD = "gnu++20";
				CLANG_ENABLE_MODULES = YES;
				CLANG_ENABLE_OBJC_ARC = YES;
				CLANG_ENABLE_OBJC_WEAK = YES;
				CLANG_WARN_BLOCK_CAPTURE_AUTORELEASING = YES;
				CLANG_WARN_BOOL_CONVERSION = YES;
				CLANG_WARN_COMMA = YES;
				CLANG_WARN_CONSTANT_CONVERSION = YES;
				CLANG_WARN_DEPRECATED_OBJC_IMPLEMENTATIONS = YES;
				CLANG_WARN_DIRECT_OBJC_ISA_USAGE = YES_ERROR;
				CLANG_WARN_DOCUMENTATION_COMMENTS = YES;
				CLANG_WARN_EMPTY_BODY = YES;
				CLANG_WARN_ENUM_CONVERSION = YES;
				CLANG_WARN_INFINITE_RECURSION = YES;
				CLANG_WARN_INT_CONVERSION = YES;
				CLANG_WARN_NON_LITERAL_NULL_CONVERSION = YES;
				CLANG_WARN_OBJC_IMPLICIT_RETAIN_SELF = YES;
				CLANG_WARN_OBJC_LITERAL_CONVERSION = YES;
				CLANG_WARN_OBJC_ROOT_CLASS = YES_ERROR;
				CLANG_WARN_QUOTED_INCLUDE_IN_FRAMEWORK_HEADER = YES;
				CLANG_WARN_RANGE_LOOP_ANALYSIS = YES;
				CLANG_WARN_STRICT_PROTOTYPES = YES;
				CLANG_WARN_SUSPICIOUS_MOVE = YES;
				CLANG_WARN_UNGUARDED_AVAILABILITY = YES_AGGRESSIVE;
				CLANG_WARN_UNREACHABLE_CODE = YES;
				CLANG_WARN__DUPLICATE_METHOD_MATCH = YES;
				COPY_PHASE_STRIP = NO;
				DEBUG_INFORMATION_FORMAT = dwarf;
				ENABLE_STRICT_OBJC_MSGSEND = YES;
				ENABLE_TESTABILITY = YES;
				ENABLE_USER_SCRIPT_SANDBOXING = YES;
				GCC_C_LANGUAGE_STANDARD = gnu17;
				GCC_DYNAMIC_NO_PIC = NO;
				GCC_NO_COMMON_BLOCKS = YES;
				GCC_OPTIMIZATION_LEVEL = 0;
				GCC_PREPROCESSOR_DEFINITIONS = (
					"DEBUG=1",
					"$(inherited)",
				);
				GCC_WARN_64_TO_32_BIT_CONVERSION = YES;
				GCC_WARN_ABOUT_RETURN_TYPE = YES_ERROR;
				GCC_WARN_UNDECLARED_SELECTOR = YES;
				GCC_WARN_UNINITIALIZED_AUTOS = YES_AGGRESSIVE;
				GCC_WARN_UNUSED_FUNCTION = YES;
				GCC_WARN_UNUSED_VARIABLE = YES;
				IPHONEOS_DEPLOYMENT_TARGET = 17.2;
				LOCALIZATION_PREFERS_STRING_CATALOGS = YES;
				MTL_ENABLE_DEBUG_INFO = INCLUDE_SOURCE;
				MTL_FAST_MATH = YES;
				ONLY_ACTIVE_ARCH = YES;
				SDKROOT = iphoneos;
				SWIFT_ACTIVE_COMPILATION_CONDITIONS = "DEBUG $(inherited)";
				SWIFT_OPTIMIZATION_LEVEL = "-Onone";
			};
			name = Debug;
		};
		0530D6EE2B7B8C5000006579 /* Release */ = {
			isa = XCBuildConfiguration;
			buildSettings = {
				ALWAYS_SEARCH_USER_PATHS = NO;
				ASSETCATALOG_COMPILER_GENERATE_SWIFT_ASSET_SYMBOL_EXTENSIONS = YES;
				CLANG_ANALYZER_NONNULL = YES;
				CLANG_ANALYZER_NUMBER_OBJECT_CONVERSION = YES_AGGRESSIVE;
				CLANG_CXX_LANGUAGE_STANDARD = "gnu++20";
				CLANG_ENABLE_MODULES = YES;
				CLANG_ENABLE_OBJC_ARC = YES;
				CLANG_ENABLE_OBJC_WEAK = YES;
				CLANG_WARN_BLOCK_CAPTURE_AUTORELEASING = YES;
				CLANG_WARN_BOOL_CONVERSION = YES;
				CLANG_WARN_COMMA = YES;
				CLANG_WARN_CONSTANT_CONVERSION = YES;
				CLANG_WARN_DEPRECATED_OBJC_IMPLEMENTATIONS = YES;
				CLANG_WARN_DIRECT_OBJC_ISA_USAGE = YES_ERROR;
				CLANG_WARN_DOCUMENTATION_COMMENTS = YES;
				CLANG_WARN_EMPTY_BODY = YES;
				CLANG_WARN_ENUM_CONVERSION = YES;
				CLANG_WARN_INFINITE_RECURSION = YES;
				CLANG_WARN_INT_CONVERSION = YES;
				CLANG_WARN_NON_LITERAL_NULL_CONVERSION = YES;
				CLANG_WARN_OBJC_IMPLICIT_RETAIN_SELF = YES;
				CLANG_WARN_OBJC_LITERAL_CONVERSION = YES;
				CLANG_WARN_OBJC_ROOT_CLASS = YES_ERROR;
				CLANG_WARN_QUOTED_INCLUDE_IN_FRAMEWORK_HEADER = YES;
				CLANG_WARN_RANGE_LOOP_ANALYSIS = YES;
				CLANG_WARN_STRICT_PROTOTYPES = YES;
				CLANG_WARN_SUSPICIOUS_MOVE = YES;
				CLANG_WARN_UNGUARDED_AVAILABILITY = YES_AGGRESSIVE;
				CLANG_WARN_UNREACHABLE_CODE = YES;
				CLANG_WARN__DUPLICATE_METHOD_MATCH = YES;
				COPY_PHASE_STRIP = NO;
				DEBUG_INFORMATION_FORMAT = "dwarf-with-dsym";
				ENABLE_NS_ASSERTIONS = NO;
				ENABLE_STRICT_OBJC_MSGSEND = YES;
				ENABLE_USER_SCRIPT_SANDBOXING = YES;
				GCC_C_LANGUAGE_STANDARD = gnu17;
				GCC_NO_COMMON_BLOCKS = YES;
				GCC_WARN_64_TO_32_BIT_CONVERSION = YES;
				GCC_WARN_ABOUT_RETURN_TYPE = YES_ERROR;
				GCC_WARN_UNDECLARED_SELECTOR = YES;
				GCC_WARN_UNINITIALIZED_AUTOS = YES_AGGRESSIVE;
				GCC_WARN_UNUSED_FUNCTION = YES;
				GCC_WARN_UNUSED_VARIABLE = YES;
				IPHONEOS_DEPLOYMENT_TARGET = 17.2;
				LOCALIZATION_PREFERS_STRING_CATALOGS = YES;
				MTL_ENABLE_DEBUG_INFO = NO;
				MTL_FAST_MATH = YES;
				SDKROOT = iphoneos;
				SWIFT_COMPILATION_MODE = wholemodule;
				VALIDATE_PRODUCT = YES;
			};
			name = Release;
		};
		0530D6F02B7B8C5000006579 /* Debug */ = {
			isa = XCBuildConfiguration;
			buildSettings = {
				ASSETCATALOG_COMPILER_APPICON_NAME = AppIcon;
				ASSETCATALOG_COMPILER_GLOBAL_ACCENT_COLOR_NAME = AccentColor;
				CODE_SIGN_STYLE = Automatic;
				CURRENT_PROJECT_VERSION = 1;
				DEVELOPMENT_ASSET_PATHS = "\"TodoList/Preview Content\"";
				ENABLE_PREVIEWS = YES;
				GENERATE_INFOPLIST_FILE = YES;
				INFOPLIST_KEY_UIApplicationSceneManifest_Generation = YES;
				INFOPLIST_KEY_UIApplicationSupportsIndirectInputEvents = YES;
				INFOPLIST_KEY_UILaunchScreen_Generation = YES;
				INFOPLIST_KEY_UISupportedInterfaceOrientations_iPad = "UIInterfaceOrientationPortrait UIInterfaceOrientationPortraitUpsideDown UIInterfaceOrientationLandscapeLeft UIInterfaceOrientationLandscapeRight";
				INFOPLIST_KEY_UISupportedInterfaceOrientations_iPhone = "UIInterfaceOrientationPortrait UIInterfaceOrientationLandscapeLeft UIInterfaceOrientationLandscapeRight";
				LD_RUNPATH_SEARCH_PATHS = (
					"$(inherited)",
					"@executable_path/Frameworks",
				);
				MARKETING_VERSION = 1.0;
				PRODUCT_BUNDLE_IDENTIFIER = SwiftPractice.TodoList;
				PRODUCT_NAME = "$(TARGET_NAME)";
				SWIFT_EMIT_LOC_STRINGS = YES;
				SWIFT_VERSION = 5.0;
				TARGETED_DEVICE_FAMILY = "1,2";
			};
			name = Debug;
		};
		0530D6F12B7B8C5000006579 /* Release */ = {
			isa = XCBuildConfiguration;
			buildSettings = {
				ASSETCATALOG_COMPILER_APPICON_NAME = AppIcon;
				ASSETCATALOG_COMPILER_GLOBAL_ACCENT_COLOR_NAME = AccentColor;
				CODE_SIGN_STYLE = Automatic;
				CURRENT_PROJECT_VERSION = 1;
				DEVELOPMENT_ASSET_PATHS = "\"TodoList/Preview Content\"";
				ENABLE_PREVIEWS = YES;
				GENERATE_INFOPLIST_FILE = YES;
				INFOPLIST_KEY_UIApplicationSceneManifest_Generation = YES;
				INFOPLIST_KEY_UIApplicationSupportsIndirectInputEvents = YES;
				INFOPLIST_KEY_UILaunchScreen_Generation = YES;
				INFOPLIST_KEY_UISupportedInterfaceOrientations_iPad = "UIInterfaceOrientationPortrait UIInterfaceOrientationPortraitUpsideDown UIInterfaceOrientationLandscapeLeft UIInterfaceOrientationLandscapeRight";
				INFOPLIST_KEY_UISupportedInterfaceOrientations_iPhone = "UIInterfaceOrientationPortrait UIInterfaceOrientationLandscapeLeft UIInterfaceOrientationLandscapeRight";
				LD_RUNPATH_SEARCH_PATHS = (
					"$(inherited)",
					"@executable_path/Frameworks",
				);
				MARKETING_VERSION = 1.0;
				PRODUCT_BUNDLE_IDENTIFIER = SwiftPractice.TodoList;
				PRODUCT_NAME = "$(TARGET_NAME)";
				SWIFT_EMIT_LOC_STRINGS = YES;
				SWIFT_VERSION = 5.0;
				TARGETED_DEVICE_FAMILY = "1,2";
			};
			name = Release;
		};
		0530D6F32B7B8C5000006579 /* Debug */ = {
			isa = XCBuildConfiguration;
			buildSettings = {
				ALWAYS_EMBED_SWIFT_STANDARD_LIBRARIES = YES;
				BUNDLE_LOADER = "$(TEST_HOST)";
				CODE_SIGN_STYLE = Automatic;
				CURRENT_PROJECT_VERSION = 1;
				GENERATE_INFOPLIST_FILE = YES;
				IPHONEOS_DEPLOYMENT_TARGET = 17.2;
				MARKETING_VERSION = 1.0;
				PRODUCT_BUNDLE_IDENTIFIER = SwiftPractice.TodoListTests;
				PRODUCT_NAME = "$(TARGET_NAME)";
				SWIFT_EMIT_LOC_STRINGS = NO;
				SWIFT_VERSION = 5.0;
				TARGETED_DEVICE_FAMILY = "1,2";
				TEST_HOST = "$(BUILT_PRODUCTS_DIR)/TodoList.app/$(BUNDLE_EXECUTABLE_FOLDER_PATH)/TodoList";
			};
			name = Debug;
		};
		0530D6F42B7B8C5000006579 /* Release */ = {
			isa = XCBuildConfiguration;
			buildSettings = {
				ALWAYS_EMBED_SWIFT_STANDARD_LIBRARIES = YES;
				BUNDLE_LOADER = "$(TEST_HOST)";
				CODE_SIGN_STYLE = Automatic;
				CURRENT_PROJECT_VERSION = 1;
				GENERATE_INFOPLIST_FILE = YES;
				IPHONEOS_DEPLOYMENT_TARGET = 17.2;
				MARKETING_VERSION = 1.0;
				PRODUCT_BUNDLE_IDENTIFIER = SwiftPractice.TodoListTests;
				PRODUCT_NAME = "$(TARGET_NAME)";
				SWIFT_EMIT_LOC_STRINGS = NO;
				SWIFT_VERSION = 5.0;
				TARGETED_DEVICE_FAMILY = "1,2";
				TEST_HOST = "$(BUILT_PRODUCTS_DIR)/TodoList.app/$(BUNDLE_EXECUTABLE_FOLDER_PATH)/TodoList";
			};
			name = Release;
		};
		0530D6F62B7B8C5000006579 /* Debug */ = {
			isa = XCBuildConfiguration;
			buildSettings = {
				ALWAYS_EMBED_SWIFT_STANDARD_LIBRARIES = YES;
				CODE_SIGN_STYLE = Automatic;
				CURRENT_PROJECT_VERSION = 1;
				GENERATE_INFOPLIST_FILE = YES;
				MARKETING_VERSION = 1.0;
				PRODUCT_BUNDLE_IDENTIFIER = SwiftPractice.TodoListUITests;
				PRODUCT_NAME = "$(TARGET_NAME)";
				SWIFT_EMIT_LOC_STRINGS = NO;
				SWIFT_VERSION = 5.0;
				TARGETED_DEVICE_FAMILY = "1,2";
				TEST_TARGET_NAME = TodoList;
			};
			name = Debug;
		};
		0530D6F72B7B8C5000006579 /* Release */ = {
			isa = XCBuildConfiguration;
			buildSettings = {
				ALWAYS_EMBED_SWIFT_STANDARD_LIBRARIES = YES;
				CODE_SIGN_STYLE = Automatic;
				CURRENT_PROJECT_VERSION = 1;
				GENERATE_INFOPLIST_FILE = YES;
				MARKETING_VERSION = 1.0;
				PRODUCT_BUNDLE_IDENTIFIER = SwiftPractice.TodoListUITests;
				PRODUCT_NAME = "$(TARGET_NAME)";
				SWIFT_EMIT_LOC_STRINGS = NO;
				SWIFT_VERSION = 5.0;
				TARGETED_DEVICE_FAMILY = "1,2";
				TEST_TARGET_NAME = TodoList;
			};
			name = Release;
		};
/* End XCBuildConfiguration section */

/* Begin XCConfigurationList section */
		0530D6C62B7B8C4E00006579 /* Build configuration list for PBXProject "TodoList" */ = {
			isa = XCConfigurationList;
			buildConfigurations = (
				0530D6ED2B7B8C5000006579 /* Debug */,
				0530D6EE2B7B8C5000006579 /* Release */,
			);
			defaultConfigurationIsVisible = 0;
			defaultConfigurationName = Release;
		};
		0530D6EF2B7B8C5000006579 /* Build configuration list for PBXNativeTarget "TodoList" */ = {
			isa = XCConfigurationList;
			buildConfigurations = (
				0530D6F02B7B8C5000006579 /* Debug */,
				0530D6F12B7B8C5000006579 /* Release */,
			);
			defaultConfigurationIsVisible = 0;
			defaultConfigurationName = Release;
		};
		0530D6F22B7B8C5000006579 /* Build configuration list for PBXNativeTarget "TodoListTests" */ = {
			isa = XCConfigurationList;
			buildConfigurations = (
				0530D6F32B7B8C5000006579 /* Debug */,
				0530D6F42B7B8C5000006579 /* Release */,
			);
			defaultConfigurationIsVisible = 0;
			defaultConfigurationName = Release;
		};
		0530D6F52B7B8C5000006579 /* Build configuration list for PBXNativeTarget "TodoListUITests" */ = {
			isa = XCConfigurationList;
			buildConfigurations = (
				0530D6F62B7B8C5000006579 /* Debug */,
				0530D6F72B7B8C5000006579 /* Release */,
			);
			defaultConfigurationIsVisible = 0;
			defaultConfigurationName = Release;
		};
/* End XCConfigurationList section */
	};
	rootObject = 0530D6C32B7B8C4E00006579 /* Project object */;
}
